// !$*UTF8*$!
{
	archiveVersion = 1;
	classes = {
	};
	objectVersion = 46;
	objects = {

/* Begin PBXBuildFile section */
		02C5A9BC1BFC5737000B45ED /* AppDelegate.swift in Sources */ = {isa = PBXBuildFile; fileRef = 02C5A9BB1BFC5737000B45ED /* AppDelegate.swift */; };
		02C5A9BE1BFC5737000B45ED /* ViewController.swift in Sources */ = {isa = PBXBuildFile; fileRef = 02C5A9BD1BFC5737000B45ED /* ViewController.swift */; };
		02C5A9C11BFC5737000B45ED /* Main.storyboard in Resources */ = {isa = PBXBuildFile; fileRef = 02C5A9BF1BFC5737000B45ED /* Main.storyboard */; };
		02C5A9C31BFC5737000B45ED /* Assets.xcassets in Resources */ = {isa = PBXBuildFile; fileRef = 02C5A9C21BFC5737000B45ED /* Assets.xcassets */; };
		02C5A9C61BFC5737000B45ED /* LaunchScreen.storyboard in Resources */ = {isa = PBXBuildFile; fileRef = 02C5A9C41BFC5737000B45ED /* LaunchScreen.storyboard */; };
/* End PBXBuildFile section */

/* Begin PBXFileReference section */
		02C5A9B81BFC5737000B45ED /* LDCalendarSwift.app */ = {isa = PBXFileReference; explicitFileType = wrapper.application; includeInIndex = 0; path = LDCalendarSwift.app; sourceTree = BUILT_PRODUCTS_DIR; };
		02C5A9BB1BFC5737000B45ED /* AppDelegate.swift */ = {isa = PBXFileReference; lastKnownFileType = sourcecode.swift; path = AppDelegate.swift; sourceTree = "<group>"; };
		02C5A9BD1BFC5737000B45ED /* ViewController.swift */ = {isa = PBXFileReference; lastKnownFileType = sourcecode.swift; path = ViewController.swift; sourceTree = "<group>"; };
		02C5A9C01BFC5737000B45ED /* Base */ = {isa = PBXFileReference; lastKnownFileType = file.storyboard; name = Base; path = Base.lproj/Main.storyboard; sourceTree = "<group>"; };
		02C5A9C21BFC5737000B45ED /* Assets.xcassets */ = {isa = PBXFileReference; lastKnownFileType = folder.assetcatalog; path = Assets.xcassets; sourceTree = "<group>"; };
		02C5A9C51BFC5737000B45ED /* Base */ = {isa = PBXFileReference; lastKnownFileType = file.storyboard; name = Base; path = Base.lproj/LaunchScreen.storyboard; sourceTree = "<group>"; };
		02C5A9C71BFC5737000B45ED /* Info.plist */ = {isa = PBXFileReference; lastKnownFileType = text.plist.xml; path = Info.plist; sourceTree = "<group>"; };
/* End PBXFileReference section */

/* Begin PBXFrameworksBuildPhase section */
		02C5A9B51BFC5737000B45ED /* Frameworks */ = {
			isa = PBXFrameworksBuildPhase;
			buildActionMask = 2147483647;
			files = (
			);
			runOnlyForDeploymentPostprocessing = 0;
		};
/* End PBXFrameworksBuildPhase section */

/* Begin PBXGroup section */
		02C5A9AF1BFC5737000B45ED = {
			isa = PBXGroup;
			children = (
				02C5A9BA1BFC5737000B45ED /* LDCalendarSwift */,
				02C5A9B91BFC5737000B45ED /* Products */,
			);
			sourceTree = "<group>";
		};
		02C5A9B91BFC5737000B45ED /* Products */ = {
			isa = PBXGroup;
			children = (
				02C5A9B81BFC5737000B45ED /* LDCalendarSwift.app */,
			);
			name = Products;
			sourceTree = "<group>";
		};
		02C5A9BA1BFC5737000B45ED /* LDCalendarSwift */ = {
			isa = PBXGroup;
			children = (
				02C5A9BB1BFC5737000B45ED /* AppDelegate.swift */,
				02C5A9BD1BFC5737000B45ED /* ViewController.swift */,
				02C5A9BF1BFC5737000B45ED /* Main.storyboard */,
				02C5A9C21BFC5737000B45ED /* Assets.xcassets */,
				02C5A9C41BFC5737000B45ED /* LaunchScreen.storyboard */,
				02C5A9C71BFC5737000B45ED /* Info.plist */,
			);
			path = LDCalendarSwift;
			sourceTree = "<group>";
		};
/* End PBXGroup section */

/* Begin PBXNativeTarget section */
		02C5A9B71BFC5737000B45ED /* LDCalendarSwift */ = {
			isa = PBXNativeTarget;
			buildConfigurationList = 02C5A9CA1BFC5737000B45ED /* Build configuration list for PBXNativeTarget "LDCalendarSwift" */;
			buildPhases = (
				02C5A9B41BFC5737000B45ED /* Sources */,
				02C5A9B51BFC5737000B45ED /* Frameworks */,
				02C5A9B61BFC5737000B45ED /* Resources */,
			);
			buildRules = (
			);
			dependencies = (
			);
			name = LDCalendarSwift;
			productName = LDCalendarSwift;
			productReference = 02C5A9B81BFC5737000B45ED /* LDCalendarSwift.app */;
			productType = "com.apple.product-type.application";
		};
/* End PBXNativeTarget section */

/* Begin PBXProject section */
		02C5A9B01BFC5737000B45ED /* Project object */ = {
			isa = PBXProject;
			attributes = {
				LastSwiftUpdateCheck = 0710;
				LastUpgradeCheck = 0710;
				ORGANIZATIONNAME = lidi;
				TargetAttributes = {
					02C5A9B71BFC5737000B45ED = {
						CreatedOnToolsVersion = 7.1;
					};
				};
			};
			buildConfigurationList = 02C5A9B31BFC5737000B45ED /* Build configuration list for PBXProject "LDCalendarSwift" */;
			compatibilityVersion = "Xcode 3.2";
			developmentRegion = English;
			hasScannedForEncodings = 0;
			knownRegions = (
				en,
				Base,
			);
			mainGroup = 02C5A9AF1BFC5737000B45ED;
			productRefGroup = 02C5A9B91BFC5737000B45ED /* Products */;
			projectDirPath = "";
			projectRoot = "";
			targets = (
				02C5A9B71BFC5737000B45ED /* LDCalendarSwift */,
			);
		};
/* End PBXProject section */

/* Begin PBXResourcesBuildPhase section */
		02C5A9B61BFC5737000B45ED /* Resources */ = {
			isa = PBXResourcesBuildPhase;
			buildActionMask = 2147483647;
			files = (
				02C5A9C61BFC5737000B45ED /* LaunchScreen.storyboard in Resources */,
				02C5A9C31BFC5737000B45ED /* Assets.xcassets in Resources */,
				02C5A9C11BFC5737000B45ED /* Main.storyboard in Resources */,
			);
			runOnlyForDeploymentPostprocessing = 0;
		};
/* End PBXResourcesBuildPhase section */

/* Begin PBXSourcesBuildPhase section */
		02C5A9B41BFC5737000B45ED /* Sources */ = {
			isa = PBXSourcesBuildPhase;
			buildActionMask = 2147483647;
			files = (
				02C5A9BE1BFC5737000B45ED /* ViewController.swift in Sources */,
				02C5A9BC1BFC5737000B45ED /* AppDelegate.swift in Sources */,
			);
			runOnlyForDeploymentPostprocessing = 0;
		};
/* End PBXSourcesBuildPhase section */

/* Begin PBXVariantGroup section */
		02C5A9BF1BFC5737000B45ED /* Main.storyboard */ = {
			isa = PBXVariantGroup;
			children = (
				02C5A9C01BFC5737000B45ED /* Base */,
			);
			name = Main.storyboard;
			sourceTree = "<group>";
		};
		02C5A9C41BFC5737000B45ED /* LaunchScreen.storyboard */ = {
			isa = PBXVariantGroup;
			children = (
				02C5A9C51BFC5737000B45ED /* Base */,
			);
			name = LaunchScreen.storyboard;
			sourceTree = "<group>";
		};
/* End PBXVariantGroup section */

/* Begin XCBuildConfiguration section */
		02C5A9C81BFC5737000B45ED /* Debug */ = {
			isa = XCBuildConfiguration;
			buildSettings = {
				ALWAYS_SEARCH_USER_PATHS = NO;
				CLANG_CXX_LANGUAGE_STANDARD = "gnu++0x";
				CLANG_CXX_LIBRARY = "libc++";
				CLANG_ENABLE_MODULES = YES;
				CLANG_ENABLE_OBJC_ARC = YES;
				CLANG_WARN_BOOL_CONVERSION = YES;
				CLANG_WARN_CONSTANT_CONVERSION = YES;
				CLANG_WARN_DIRECT_OBJC_ISA_USAGE = YES_ERROR;
				CLANG_WARN_EMPTY_BODY = YES;
				CLANG_WARN_ENUM_CONVERSION = YES;
				CLANG_WARN_INT_CONVERSION = YES;
				CLANG_WARN_OBJC_ROOT_CLASS = YES_ERROR;
				CLANG_WARN_UNREACHABLE_CODE = YES;
				CLANG_WARN__DUPLICATE_METHOD_MATCH = YES;
				"CODE_SIGN_IDENTITY[sdk=iphoneos*]" = "iPhone Developer";
				COPY_PHASE_STRIP = NO;
				DEBUG_INFORMATION_FORMAT = dwarf;
				ENABLE_STRICT_OBJC_MSGSEND = YES;
				ENABLE_TESTABILITY = YES;
				GCC_C_LANGUAGE_STANDARD = gnu99;
				GCC_DYNAMIC_NO_PIC = NO;
				GCC_NO_COMMON_BLOCKS = YES;
				GCC_OPTIMIZATION_LEVEL = 0;
				GCC_PREPROCESSOR_DEFINITIONS = (
					"DEBUG=1",
					"$(inherited)",
				);
				GCC_WARN_64_TO_32_BIT_CONVERSION = YES;
				GCC_WARN_ABOUT_RETURN_TYPE = YES_ERROR;
				GCC_WARN_UNDECLARED_SELECTOR = YES;
				GCC_WARN_UNINITIALIZED_AUTOS = YES_AGGRESSIVE;
				GCC_WARN_UNUSED_FUNCTION = YES;
				GCC_WARN_UNUSED_VARIABLE = YES;
				IPHONEOS_DEPLOYMENT_TARGET = 9.1;
				MTL_ENABLE_DEBUG_INFO = YES;
				ONLY_ACTIVE_ARCH = YES;
				SDKROOT = iphoneos;
				SWIFT_OPTIMIZATION_LEVEL = "-Onone";
			};
			name = Debug;
		};
		02C5A9C91BFC5737000B45ED /* Release */ = {
			isa = XCBuildConfiguration;
			buildSettings = {
				ALWAYS_SEARCH_USER_PATHS = NO;
				CLANG_CXX_LANGUAGE_STANDARD = "gnu++0x";
				CLANG_CXX_LIBRARY = "libc++";
				CLANG_ENABLE_MODULES = YES;
				CLANG_ENABLE_OBJC_ARC = YES;
				CLANG_WARN_BOOL_CONVERSION = YES;
				CLANG_WARN_CONSTANT_CONVERSION = YES;
				CLANG_WARN_DIRECT_OBJC_ISA_USAGE = YES_ERROR;
				CLANG_WARN_EMPTY_BODY = YES;
				CLANG_WARN_ENUM_CONVERSION = YES;
				CLANG_WARN_INT_CONVERSION = YES;
				CLANG_WARN_OBJC_ROOT_CLASS = YES_ERROR;
				CLANG_WARN_UNREACHABLE_CODE = YES;
				CLANG_WARN__DUPLICATE_METHOD_MATCH = YES;
				"CODE_SIGN_IDENTITY[sdk=iphoneos*]" = "iPhone Developer";
				COPY_PHASE_STRIP = NO;
				DEBUG_INFORMATION_FORMAT = "dwarf-with-dsym";
				ENABLE_NS_ASSERTIONS = NO;
				ENABLE_STRICT_OBJC_MSGSEND = YES;
				GCC_C_LANGUAGE_STANDARD = gnu99;
				GCC_NO_COMMON_BLOCKS = YES;
				GCC_WARN_64_TO_32_BIT_CONVERSION = YES;
				GCC_WARN_ABOUT_RETURN_TYPE = YES_ERROR;
				GCC_WARN_UNDECLARED_SELECTOR = YES;
				GCC_WARN_UNINITIALIZED_AUTOS = YES_AGGRESSIVE;
				GCC_WARN_UNUSED_FUNCTION = YES;
				GCC_WARN_UNUSED_VARIABLE = YES;
				IPHONEOS_DEPLOYMENT_TARGET = 9.1;
				MTL_ENABLE_DEBUG_INFO = NO;
				SDKROOT = iphoneos;
				VALIDATE_PRODUCT = YES;
			};
			name = Release;
		};
		02C5A9CB1BFC5737000B45ED /* Debug */ = {
			isa = XCBuildConfiguration;
			buildSettings = {
				ASSETCATALOG_COMPILER_APPICON_NAME = AppIcon;
				INFOPLIST_FILE = LDCalendarSwift/Info.plist;
				LD_RUNPATH_SEARCH_PATHS = "$(inherited) @executable_path/Frameworks";
				PRODUCT_BUNDLE_IDENTIFIER = lidi.LDCalendarSwift;
				PRODUCT_NAME = "$(TARGET_NAME)";
			};
			name = Debug;
		};
		02C5A9CC1BFC5737000B45ED /* Release */ = {
			isa = XCBuildConfiguration;
			buildSettings = {
				ASSETCATALOG_COMPILER_APPICON_NAME = AppIcon;
				INFOPLIST_FILE = LDCalendarSwift/Info.plist;
				LD_RUNPATH_SEARCH_PATHS = "$(inherited) @executable_path/Frameworks";
				PRODUCT_BUNDLE_IDENTIFIER = lidi.LDCalendarSwift;
				PRODUCT_NAME = "$(TARGET_NAME)";
			};
			name = Release;
		};
/* End XCBuildConfiguration section */

/* Begin XCConfigurationList section */
		02C5A9B31BFC5737000B45ED /* Build configuration list for PBXProject "LDCalendarSwift" */ = {
			isa = XCConfigurationList;
			buildConfigurations = (
				02C5A9C81BFC5737000B45ED /* Debug */,
				02C5A9C91BFC5737000B45ED /* Release */,
			);
			defaultConfigurationIsVisible = 0;
			defaultConfigurationName = Release;
		};
		02C5A9CA1BFC5737000B45ED /* Build configuration list for PBXNativeTarget "LDCalendarSwift" */ = {
			isa = XCConfigurationList;
			buildConfigurations = (
				02C5A9CB1BFC5737000B45ED /* Debug */,
				02C5A9CC1BFC5737000B45ED /* Release */,
			);
			defaultConfigurationIsVisible = 0;
		};
/* End XCConfigurationList section */
	};
	rootObject = 02C5A9B01BFC5737000B45ED /* Project object */;
}
